<?xml version="1.0" encoding="UTF-8"?>
<CodeBlocks_project_file>
	<FileVersion major="1" minor="6"/>
	<Project>
		<Option title="anastasis_cpp"/>
		<Option makefile_is_custom="1"/>
		<Option compiler="gcc"/>
		<Option virtualFolders="CMake Files\;CMake Files\..\;CMake Files\..\..\;CMake Files\..\..\..\;CMake Files\..\..\..\..\;CMake Files\..\..\..\..\..\;CMake Files\..\..\..\..\..\usr\;CMake Files\..\..\..\..\..\usr\lib\;CMake Files\..\..\..\..\..\usr\lib\x86_64-linux-gnu\;CMake Files\..\..\..\..\..\usr\lib\x86_64-linux-gnu\cmake\;CMake Files\..\..\..\..\..\usr\lib\x86_64-linux-gnu\cmake\fmt\;"/>
		<Build>
			<Target title="all">
				<Option working_dir="/home/kvik/astar/anastasis/cpp"/>
				<Option type="4"/>
				<MakeCommands>
					<Build command="/usr/bin/gmake -f &quot;/home/kvik/astar/anastasis/cpp/Makefile&quot;  VERBOSE=1 all"/>
					<CompileFile command="/usr/bin/gmake -f &quot;/home/kvik/astar/anastasis/cpp/Makefile&quot;  VERBOSE=1 &quot;$file&quot;"/>
					<Clean command="/usr/bin/gmake -f &quot;/home/kvik/astar/anastasis/cpp/Makefile&quot;  VERBOSE=1 clean"/>
					<DistClean command="/usr/bin/gmake -f &quot;/home/kvik/astar/anastasis/cpp/Makefile&quot;  VERBOSE=1 clean"/>
				</MakeCommands>
			</Target>
			<Target title="anastasis_cpp">
				<Option output="/home/kvik/astar/anastasis/cpp/anastasis_cpp" prefix_auto="0" extension_auto="0"/>
				<Option working_dir="/home/kvik/astar/anastasis/cpp"/>
				<Option object_output="./"/>
				<Option type="1"/>
				<Option compiler="gcc"/>
				<Compiler>
					<Add directory="/home/kvik/astar/anastasis/cpp"/>
					<Add directory="/usr/include/eigen3"/>
				</Compiler>
				<MakeCommands>
					<Build command="/usr/bin/gmake -f &quot;/home/kvik/astar/anastasis/cpp/Makefile&quot;  VERBOSE=1 anastasis_cpp"/>
					<CompileFile command="/usr/bin/gmake -f &quot;/home/kvik/astar/anastasis/cpp/Makefile&quot;  VERBOSE=1 &quot;$file&quot;"/>
					<Clean command="/usr/bin/gmake -f &quot;/home/kvik/astar/anastasis/cpp/Makefile&quot;  VERBOSE=1 clean"/>
					<DistClean command="/usr/bin/gmake -f &quot;/home/kvik/astar/anastasis/cpp/Makefile&quot;  VERBOSE=1 clean"/>
				</MakeCommands>
			</Target>
			<Target title="anastasis_cpp/fast">
				<Option output="/home/kvik/astar/anastasis/cpp/anastasis_cpp" prefix_auto="0" extension_auto="0"/>
				<Option working_dir="/home/kvik/astar/anastasis/cpp"/>
				<Option object_output="./"/>
				<Option type="1"/>
				<Option compiler="gcc"/>
				<Compiler>
					<Add directory="/home/kvik/astar/anastasis/cpp"/>
					<Add directory="/usr/include/eigen3"/>
				</Compiler>
				<MakeCommands>
					<Build command="/usr/bin/gmake -f &quot;/home/kvik/astar/anastasis/cpp/Makefile&quot;  VERBOSE=1 anastasis_cpp/fast"/>
					<CompileFile command="/usr/bin/gmake -f &quot;/home/kvik/astar/anastasis/cpp/Makefile&quot;  VERBOSE=1 &quot;$file&quot;"/>
					<Clean command="/usr/bin/gmake -f &quot;/home/kvik/astar/anastasis/cpp/Makefile&quot;  VERBOSE=1 clean"/>
					<DistClean command="/usr/bin/gmake -f &quot;/home/kvik/astar/anastasis/cpp/Makefile&quot;  VERBOSE=1 clean"/>
				</MakeCommands>
			</Target>
			<Target title="subpixel">
				<Option output="/home/kvik/astar/anastasis/cpp/subpixel" prefix_auto="0" extension_auto="0"/>
				<Option working_dir="/home/kvik/astar/anastasis/cpp"/>
				<Option object_output="./"/>
				<Option type="1"/>
				<Option compiler="gcc"/>
				<Compiler>
					<Add directory="/home/kvik/astar/anastasis/cpp"/>
					<Add directory="/usr/include/eigen3"/>
				</Compiler>
				<MakeCommands>
					<Build command="/usr/bin/gmake -f &quot;/home/kvik/astar/anastasis/cpp/Makefile&quot;  VERBOSE=1 subpixel"/>
					<CompileFile command="/usr/bin/gmake -f &quot;/home/kvik/astar/anastasis/cpp/Makefile&quot;  VERBOSE=1 &quot;$file&quot;"/>
					<Clean command="/usr/bin/gmake -f &quot;/home/kvik/astar/anastasis/cpp/Makefile&quot;  VERBOSE=1 clean"/>
					<DistClean command="/usr/bin/gmake -f &quot;/home/kvik/astar/anastasis/cpp/Makefile&quot;  VERBOSE=1 clean"/>
				</MakeCommands>
			</Target>
			<Target title="subpixel/fast">
				<Option output="/home/kvik/astar/anastasis/cpp/subpixel" prefix_auto="0" extension_auto="0"/>
				<Option working_dir="/home/kvik/astar/anastasis/cpp"/>
				<Option object_output="./"/>
				<Option type="1"/>
				<Option compiler="gcc"/>
				<Compiler>
					<Add directory="/home/kvik/astar/anastasis/cpp"/>
					<Add directory="/usr/include/eigen3"/>
				</Compiler>
				<MakeCommands>
					<Build command="/usr/bin/gmake -f &quot;/home/kvik/astar/anastasis/cpp/Makefile&quot;  VERBOSE=1 subpixel/fast"/>
					<CompileFile command="/usr/bin/gmake -f &quot;/home/kvik/astar/anastasis/cpp/Makefile&quot;  VERBOSE=1 &quot;$file&quot;"/>
					<Clean command="/usr/bin/gmake -f &quot;/home/kvik/astar/anastasis/cpp/Makefile&quot;  VERBOSE=1 clean"/>
					<DistClean command="/usr/bin/gmake -f &quot;/home/kvik/astar/anastasis/cpp/Makefile&quot;  VERBOSE=1 clean"/>
				</MakeCommands>
			</Target>
			<Target title="edit_cache">
				<Option working_dir="/home/kvik/astar/anastasis/cpp"/>
				<Option type="4"/>
				<MakeCommands>
					<Build command="/usr/bin/gmake -f &quot;/home/kvik/astar/anastasis/cpp/Makefile&quot;  VERBOSE=1 edit_cache"/>
					<CompileFile command="/usr/bin/gmake -f &quot;/home/kvik/astar/anastasis/cpp/Makefile&quot;  VERBOSE=1 &quot;$file&quot;"/>
					<Clean command="/usr/bin/gmake -f &quot;/home/kvik/astar/anastasis/cpp/Makefile&quot;  VERBOSE=1 clean"/>
					<DistClean command="/usr/bin/gmake -f &quot;/home/kvik/astar/anastasis/cpp/Makefile&quot;  VERBOSE=1 clean"/>
				</MakeCommands>
			</Target>
			<Target title="rebuild_cache">
				<Option working_dir="/home/kvik/astar/anastasis/cpp"/>
				<Option type="4"/>
				<MakeCommands>
					<Build command="/usr/bin/gmake -f &quot;/home/kvik/astar/anastasis/cpp/Makefile&quot;  VERBOSE=1 rebuild_cache"/>
					<CompileFile command="/usr/bin/gmake -f &quot;/home/kvik/astar/anastasis/cpp/Makefile&quot;  VERBOSE=1 &quot;$file&quot;"/>
					<Clean command="/usr/bin/gmake -f &quot;/home/kvik/astar/anastasis/cpp/Makefile&quot;  VERBOSE=1 clean"/>
					<DistClean command="/usr/bin/gmake -f &quot;/home/kvik/astar/anastasis/cpp/Makefile&quot;  VERBOSE=1 clean"/>
				</MakeCommands>
			</Target>
		</Build>
		<Unit filename="/home/kvik/astar/anastasis/cpp/grid/abstractgrid.h">
			<Option target="anastasis_cpp"/>
			<Option target="subpixel"/>
		</Unit>
		<Unit filename="/home/kvik/astar/anastasis/cpp/grid/box.cpp">
			<Option target="anastasis_cpp"/>
		</Unit>
		<Unit filename="/home/kvik/astar/anastasis/cpp/grid/box.h">
			<Option target="anastasis_cpp"/>
		</Unit>
		<Unit filename="/home/kvik/astar/anastasis/cpp/grid/detectorimage.cpp">
			<Option target="anastasis_cpp"/>
			<Option target="subpixel"/>
		</Unit>
		<Unit filename="/home/kvik/astar/anastasis/cpp/grid/detectorimage.h">
			<Option target="anastasis_cpp"/>
			<Option target="subpixel"/>
		</Unit>
		<Unit filename="/home/kvik/astar/anastasis/cpp/grid/image.h">
			<Option target="anastasis_cpp"/>
			<Option target="subpixel"/>
		</Unit>
		<Unit filename="/home/kvik/astar/anastasis/cpp/grid/image.tpp">
			<Option target="anastasis_cpp"/>
		</Unit>
		<Unit filename="/home/kvik/astar/anastasis/cpp/grid/modelimage.cpp">
			<Option target="anastasis_cpp"/>
			<Option target="subpixel"/>
		</Unit>
		<Unit filename="/home/kvik/astar/anastasis/cpp/grid/modelimage.h">
			<Option target="anastasis_cpp"/>
			<Option target="subpixel"/>
		</Unit>
		<Unit filename="/home/kvik/astar/anastasis/cpp/grid/pixel/pixel.cpp">
			<Option target="anastasis_cpp"/>
			<Option target="subpixel"/>
		</Unit>
		<Unit filename="/home/kvik/astar/anastasis/cpp/grid/pixel/pixel.h">
			<Option target="anastasis_cpp"/>
			<Option target="subpixel"/>
		</Unit>
		<Unit filename="/home/kvik/astar/anastasis/cpp/grid/placedgrid.h">
			<Option target="anastasis_cpp"/>
			<Option target="subpixel"/>
		</Unit>
		<Unit filename="/home/kvik/astar/anastasis/cpp/grid/placedgrid.tpp">
			<Option target="anastasis_cpp"/>
		</Unit>
		<Unit filename="/home/kvik/astar/anastasis/cpp/main.cpp">
			<Option target="anastasis_cpp"/>
		</Unit>
		<Unit filename="/home/kvik/astar/anastasis/cpp/subpixel.cpp">
			<Option target="subpixel"/>
		</Unit>
		<Unit filename="/home/kvik/astar/anastasis/cpp/types/point.cpp">
			<Option target="anastasis_cpp"/>
			<Option target="subpixel"/>
		</Unit>
		<Unit filename="/home/kvik/astar/anastasis/cpp/types/point.h">
			<Option target="anastasis_cpp"/>
			<Option target="subpixel"/>
		</Unit>
		<Unit filename="/home/kvik/astar/anastasis/cpp/types/types.h">
			<Option target="anastasis_cpp"/>
			<Option target="subpixel"/>
		</Unit>
		<Unit filename="/home/kvik/astar/anastasis/cpp/utils/eigen.cpp">
			<Option target="subpixel"/>
		</Unit>
		<Unit filename="/home/kvik/astar/anastasis/cpp/utils/eigen.h">
			<Option target="subpixel"/>
		</Unit>
		<Unit filename="/home/kvik/astar/anastasis/cpp/utils/functions.cpp">
			<Option target="anastasis_cpp"/>
			<Option target="subpixel"/>
		</Unit>
		<Unit filename="/home/kvik/astar/anastasis/cpp/utils/functions.h">
			<Option target="anastasis_cpp"/>
			<Option target="subpixel"/>
		</Unit>
		<Unit filename="/home/kvik/astar/anastasis/cpp/utils/resample.cpp">
			<Option target="anastasis_cpp"/>
			<Option target="subpixel"/>
		</Unit>
		<Unit filename="/home/kvik/astar/anastasis/cpp/utils/resample.h">
			<Option target="anastasis_cpp"/>
			<Option target="subpixel"/>
		</Unit>
		<Unit filename="/home/kvik/astar/anastasis/cpp/CMakeLists.txt">
			<Option virtualFolder="CMake Files\"/>
		</Unit>
		<Unit filename="/home/kvik/astar/anastasis/cpp/../../../../../usr/lib/x86_64-linux-gnu/cmake/fmt/fmt-config-version.cmake">
			<Option virtualFolder="CMake Files\..\..\..\..\..\usr\lib\x86_64-linux-gnu\cmake\fmt\"/>
		</Unit>
		<Unit filename="/home/kvik/astar/anastasis/cpp/../../../../../usr/lib/x86_64-linux-gnu/cmake/fmt/fmt-config.cmake">
			<Option virtualFolder="CMake Files\..\..\..\..\..\usr\lib\x86_64-linux-gnu\cmake\fmt\"/>
		</Unit>
		<Unit filename="/home/kvik/astar/anastasis/cpp/../../../../../usr/lib/x86_64-linux-gnu/cmake/fmt/fmt-targets-none.cmake">
			<Option virtualFolder="CMake Files\..\..\..\..\..\usr\lib\x86_64-linux-gnu\cmake\fmt\"/>
		</Unit>
		<Unit filename="/home/kvik/astar/anastasis/cpp/../../../../../usr/lib/x86_64-linux-gnu/cmake/fmt/fmt-targets.cmake">
			<Option virtualFolder="CMake Files\..\..\..\..\..\usr\lib\x86_64-linux-gnu\cmake\fmt\"/>
		</Unit>
	</Project>
</CodeBlocks_project_file>
